
Microsoft Visual Studio Solution File, Format Version 12.00
# Visual Studio Version 17
VisualStudioVersion = 17.5.33502.453
MinimumVisualStudioVersion = 10.0.40219.1
Project("{FAE04EC0-301F-11D3-BF4B-00C04F79EFBC}") = "Codev.JobApplication", "Codev.JobApplication.csproj", "{A21F45C8-E0B1-48BC-9C0F-FF6299AACA2C}"
EndProject
Project("{FAE04EC0-301F-11D3-BF4B-00C04F79EFBC}") = "Codev.JobApplication.Domain", "..\Codev.JobApplication.Domain\Codev.JobApplication.Domain.csproj", "{4C0FB9A0-948A-4E61-91FA-A8BCAA6E1505}"
EndProject
Project("{FAE04EC0-301F-11D3-BF4B-00C04F79EFBC}") = "Codev.JobApplication.Features", "..\Codev.JobApplication.Features\Codev.JobApplication.Features.csproj", "{3C26E2EE-AEE1-4738-9751-457D783AB8B5}"
EndProject
Global
	GlobalSection(SolutionConfigurationPlatforms) = preSolution
		Debug|Any CPU = Debug|Any CPU
		Release|Any CPU = Release|Any CPU
	EndGlobalSection
	GlobalSection(ProjectConfigurationPlatforms) = postSolution
		{A21F45C8-E0B1-48BC-9C0F-FF6299AACA2C}.Debug|Any CPU.ActiveCfg = Debug|Any CPU
		{A21F45C8-E0B1-48BC-9C0F-FF6299AACA2C}.Debug|Any CPU.Build.0 = Debug|Any CPU
		{A21F45C8-E0B1-48BC-9C0F-FF6299AACA2C}.Release|Any CPU.ActiveCfg = Release|Any CPU
		{A21F45C8-E0B1-48BC-9C0F-FF6299AACA2C}.Release|Any CPU.Build.0 = Release|Any CPU
		{4C0FB9A0-948A-4E61-91FA-A8BCAA6E1505}.Debug|Any CPU.ActiveCfg = Debug|Any CPU
		{4C0FB9A0-948A-4E61-91FA-A8BCAA6E1505}.Debug|Any CPU.Build.0 = Debug|Any CPU
		{4C0FB9A0-948A-4E61-91FA-A8BCAA6E1505}.Release|Any CPU.ActiveCfg = Release|Any CPU
		{4C0FB9A0-948A-4E61-91FA-A8BCAA6E1505}.Release|Any CPU.Build.0 = Release|Any CPU
		{3C26E2EE-AEE1-4738-9751-457D783AB8B5}.Debug|Any CPU.ActiveCfg = Debug|Any CPU
		{3C26E2EE-AEE1-4738-9751-457D783AB8B5}.Debug|Any CPU.Build.0 = Debug|Any CPU
		{3C26E2EE-AEE1-4738-9751-457D783AB8B5}.Release|Any CPU.ActiveCfg = Release|Any CPU
		{3C26E2EE-AEE1-4738-9751-457D783AB8B5}.Release|Any CPU.Build.0 = Release|Any CPU
	EndGlobalSection
	GlobalSection(SolutionProperties) = preSolution
		HideSolutionNode = FALSE
	EndGlobalSection
	GlobalSection(ExtensibilityGlobals) = postSolution
		SolutionGuid = {8474B178-227F-4349-A312-ADC6F22A5750}
	EndGlobalSection
EndGlobal
